{
  "name": "tencent_garena",
  "version": "1.0.0",
  "lockfileVersion": 1,
  "requires": true,
  "dependencies": {
    "@fancyapps/fancybox": {
      "version": "3.5.6",
      "resolved": "https://registry.npmjs.org/@fancyapps/fancybox/-/fancybox-3.5.6.tgz",
      "integrity": "sha512-Hp83AAWb0uNR7ekGQExGv0fMJEa/0t97Ab1aPk2hopWnKKpFI6acnIssJ2SD2YCBqv5Rb4W+lHDJTtJPRbcqhA=="
    },
    "bootstrap": {
      "version": "4.2.1",
      "resolved": "https://registry.npmjs.org/bootstrap/-/bootstrap-4.2.1.tgz",
      "integrity": "sha512-tt/7vIv3Gm2mnd/WeDx36nfGGHleil0Wg8IeB7eMrVkY0fZ5iTaBisSh8oNANc2IBsCc6vCgCNTIM/IEN0+50Q=="
    },
    "jquery": {
      "version": "3.3.1",
      "resolved": "https://registry.npmjs.org/jquery/-/jquery-3.3.1.tgz",
      "integrity": "sha512-Ubldcmxp5np52/ENotGxlLe6aGMvmF4R8S6tZjsP6Knsaxd/xp3Zrh50cG93lR6nPXyUFwzN3ZSOQI0wRJNdGg=="
    },
    "mdbootstrap": {
      "version": "4.7.1",
      "resolved": "https://registry.npmjs.org/mdbootstrap/-/mdbootstrap-4.7.1.tgz",
      "integrity": "sha512-zijBqpiJR94UKF9PZwAQudN/cvqQRXluqGOk4iD6DUbHCDhRA7Tbjs0Qi0Y1Ky4EJgQkj2lPv8ac9+Y7tKf7eQ=="
    },
    "smartwizard": {
      "version": "4.3.1",
      "resolved": "https://registry.npmjs.org/smartwizard/-/smartwizard-4.3.1.tgz",
      "integrity": "sha512-C7gWnPwcLOi18kANTnCHYCMMo8LgZTcbMMXm6Q4bjUeY6ZaYGKXalaDjnTG6dSShEDmb50V6FeDHIZrXXiy0Hw==",
      "requires": {
        "bootstrap": "^4.0.0",
        "jquery": "^3.3.1"
      }
    },
    "sweetalert2": {
      "version": "8.0.6",
      "resolved": "https://registry.npmjs.org/sweetalert2/-/sweetalert2-8.0.6.tgz",
      "integrity": "sha512-ymekWX+fV4X0zHRkbPVyTh7qhq31+8j+4uQl3oowIlpk1nclqMqrKeGihi8I5uNXvlo2ur4e9Nga7pxE+GIrmQ=="
    }
  }
}
