# THIS IS AN AUTOGENERATED FILE. DO NOT EDIT THIS FILE DIRECTLY.
# yarn lockfile v1


bootstrap@^4.0.0:
  version "4.2.1"
  resolved "https://registry.yarnpkg.com/bootstrap/-/bootstrap-4.2.1.tgz#8f8bdca024dbf0e8644da32e918c8a03a90a5757"
  integrity sha512-tt/7vIv3Gm2mnd/WeDx36nfGGHleil0Wg8IeB7eMrVkY0fZ5iTaBisSh8oNANc2IBsCc6vCgCNTIM/IEN0+50Q==

jquery@^3.3.1:
  version "3.3.1"
  resolved "https://registry.yarnpkg.com/jquery/-/jquery-3.3.1.tgz#958ce29e81c9790f31be7792df5d4d95fc57fbca"
  integrity sha512-Ubldcmxp5np52/ENotGxlLe6aGMvmF4R8S6tZjsP6Knsaxd/xp3Zrh50cG93lR6nPXyUFwzN3ZSOQI0wRJNdGg==

mdbootstrap@^4.7.0:
  version "4.7.0"
  resolved "https://registry.yarnpkg.com/mdbootstrap/-/mdbootstrap-4.7.0.tgz#bec5012e26793d375de9e9440b1d5f9f75a377bd"
  integrity sha512-JDy5sJsbZMeiE8ejPEocNatVGRdAwArtp2avr7+6jE6jyweohIzo1nHGQZ3jxm2A/jn9acqChvxZEuLmA1shnQ==

smartwizard@^4.3.1:
  version "4.3.1"
  resolved "https://registry.yarnpkg.com/smartwizard/-/smartwizard-4.3.1.tgz#118b69eb2a19724f88e0c72487ff666cda5ed8eb"
  integrity sha512-C7gWnPwcLOi18kANTnCHYCMMo8LgZTcbMMXm6Q4bjUeY6ZaYGKXalaDjnTG6dSShEDmb50V6FeDHIZrXXiy0Hw==
  dependencies:
    bootstrap "^4.0.0"
    jquery "^3.3.1"

sweetalert2@^8.0.3:
  version "8.0.3"
  resolved "https://registry.yarnpkg.com/sweetalert2/-/sweetalert2-8.0.3.tgz#1e5a927bafe3704a87bb67fe7d40d6c4069f88f9"
  integrity sha512-PuGILHZUb3Ff5FXBYYXf87hhRSvNZiJvIB782wyjPOr4cBAymIuLF01hUkkUUUr33EnOmKyKnKib7+8K+lK6eQ==
